
Microsoft Visual Studio Solution File, Format Version 12.00
# Visual Studio 15
VisualStudioVersion = 15.0.27703.2026
MinimumVisualStudioVersion = 10.0.40219.1
Project("{9A19103F-16F7-4668-BE54-9A1E7A4F7556}") = "PluralSightRestaurantAPI", "PluralSightRestaurantAPI\PluralSightRestaurantAPI.csproj", "{172BD325-378B-4AAE-90A6-8EC79E39C284}"
EndProject
Global
	GlobalSection(SolutionConfigurationPlatforms) = preSolution
		Debug|Any CPU = Debug|Any CPU
		Release|Any CPU = Release|Any CPU
	EndGlobalSection
	GlobalSection(ProjectConfigurationPlatforms) = postSolution
		{172BD325-378B-4AAE-90A6-8EC79E39C284}.Debug|Any CPU.ActiveCfg = Debug|Any CPU
		{172BD325-378B-4AAE-90A6-8EC79E39C284}.Debug|Any CPU.Build.0 = Debug|Any CPU
		{172BD325-378B-4AAE-90A6-8EC79E39C284}.Release|Any CPU.ActiveCfg = Release|Any CPU
		{172BD325-378B-4AAE-90A6-8EC79E39C284}.Release|Any CPU.Build.0 = Release|Any CPU
	EndGlobalSection
	GlobalSection(SolutionProperties) = preSolution
		HideSolutionNode = FALSE
	EndGlobalSection
	GlobalSection(ExtensibilityGlobals) = postSolution
		SolutionGuid = {43CD1A81-CBF8-4EE4-8641-5EEBE3E2AA6E}
	EndGlobalSection
EndGlobal
